
Microsoft Visual Studio Solution File, Format Version 12.00
# Visual Studio Version 17
VisualStudioVersion = 17.10.35013.160
MinimumVisualStudioVersion = 10.0.40219.1
Project("{FAE04EC0-301F-11D3-BF4B-00C04F79EFBC}") = "exercicio02_salarioPessoas", "exercicio02_salarioPessoas\exercicio02_salarioPessoas.csproj", "{B2351DC7-73A9-42B3-B4D4-384B1F6A140B}"
EndProject
Global
	GlobalSection(SolutionConfigurationPlatforms) = preSolution
		Debug|Any CPU = Debug|Any CPU
		Release|Any CPU = Release|Any CPU
	EndGlobalSection
	GlobalSection(ProjectConfigurationPlatforms) = postSolution
		{B2351DC7-73A9-42B3-B4D4-384B1F6A140B}.Debug|Any CPU.ActiveCfg = Debug|Any CPU
		{B2351DC7-73A9-42B3-B4D4-384B1F6A140B}.Debug|Any CPU.Build.0 = Debug|Any CPU
		{B2351DC7-73A9-42B3-B4D4-384B1F6A140B}.Release|Any CPU.ActiveCfg = Release|Any CPU
		{B2351DC7-73A9-42B3-B4D4-384B1F6A140B}.Release|Any CPU.Build.0 = Release|Any CPU
	EndGlobalSection
	GlobalSection(SolutionProperties) = preSolution
		HideSolutionNode = FALSE
	EndGlobalSection
	GlobalSection(ExtensibilityGlobals) = postSolution
		SolutionGuid = {54E44E9E-1802-42C3-B2FC-EC4294AE1260}
	EndGlobalSection
EndGlobal
